// !$*UTF8*$!
{
	archiveVersion = 1;
	classes = {
	};
	objectVersion = 50;
	objects = {

/* Begin PBXBuildFile section */
		21DCD009E90781945260FB6F /* libPods-QuickChat.a in Frameworks */ = {isa = PBXBuildFile; fileRef = 79F00DA83F25792776A340F1 /* libPods-QuickChat.a */; };
		B8197D5521CE8D390001C0D9 /* File.swift in Sources */ = {isa = PBXBuildFile; fileRef = B8197D5421CE8D390001C0D9 /* File.swift */; };
		B8197D5721CF5FF70001C0D9 /* ChatViewController+Extensions.swift in Sources */ = {isa = PBXBuildFile; fileRef = B8197D5621CF5FF70001C0D9 /* ChatViewController+Extensions.swift */; };
		B83E7C7821BD0F37005D7E99 /* OutgoingMessage.swift in Sources */ = {isa = PBXBuildFile; fileRef = B83E7C7721BD0F37005D7E99 /* OutgoingMessage.swift */; };
		B83E7C7A21BE2E5F005D7E99 /* IncomingMessage.swift in Sources */ = {isa = PBXBuildFile; fileRef = B83E7C7921BE2E5F005D7E99 /* IncomingMessage.swift */; };
		B84E766721A8072100704541 /* AppDelegate.swift in Sources */ = {isa = PBXBuildFile; fileRef = B84E766621A8072100704541 /* AppDelegate.swift */; };
		B84E766C21A8072100704541 /* Main.storyboard in Resources */ = {isa = PBXBuildFile; fileRef = B84E766A21A8072100704541 /* Main.storyboard */; };
		B84E766E21A8072400704541 /* Assets.xcassets in Resources */ = {isa = PBXBuildFile; fileRef = B84E766D21A8072400704541 /* Assets.xcassets */; };
		B84E767121A8072400704541 /* LaunchScreen.storyboard in Resources */ = {isa = PBXBuildFile; fileRef = B84E766F21A8072400704541 /* LaunchScreen.storyboard */; };
		B84E767921A8077A00704541 /* GoogleService-Info.plist in Resources */ = {isa = PBXBuildFile; fileRef = B84E767821A8077A00704541 /* GoogleService-Info.plist */; };
		B858B1B021B674C300A1ABF2 /* Recent.swift in Sources */ = {isa = PBXBuildFile; fileRef = B858B1AF21B674C300A1ABF2 /* Recent.swift */; };
		B858B1B221BCEA7800A1ABF2 /* ChatViewController.swift in Sources */ = {isa = PBXBuildFile; fileRef = B858B1B121BCEA7800A1ABF2 /* ChatViewController.swift */; };
		B85A782321AA7CE800FA04A9 /* RNCryptor.swift in Sources */ = {isa = PBXBuildFile; fileRef = B85A782221AA7CE800FA04A9 /* RNCryptor.swift */; };
		B85A782821AA94D900FA04A9 /* Constants.swift in Sources */ = {isa = PBXBuildFile; fileRef = B85A782721AA94D900FA04A9 /* Constants.swift */; };
		B85A782A21AA975100FA04A9 /* CoreLocation.framework in Frameworks */ = {isa = PBXBuildFile; fileRef = B85A782921AA975100FA04A9 /* CoreLocation.framework */; };
		B85A782C21AA975A00FA04A9 /* SystemConfiguration.framework in Frameworks */ = {isa = PBXBuildFile; fileRef = B85A782B21AA975A00FA04A9 /* SystemConfiguration.framework */; };
		B85A782E21AA976700FA04A9 /* PushKit.framework in Frameworks */ = {isa = PBXBuildFile; fileRef = B85A782D21AA976700FA04A9 /* PushKit.framework */; };
		B85A783121AAAFAE00FA04A9 /* WelcomeViewController.swift in Sources */ = {isa = PBXBuildFile; fileRef = B85A783021AAAFAE00FA04A9 /* WelcomeViewController.swift */; };
		B85A783321AAD70000FA04A9 /* RegisterViewController.swift in Sources */ = {isa = PBXBuildFile; fileRef = B85A783221AAD70000FA04A9 /* RegisterViewController.swift */; };
		B85A783521AADDB400FA04A9 /* NavigationSingleton.swift in Sources */ = {isa = PBXBuildFile; fileRef = B85A783421AADDB400FA04A9 /* NavigationSingleton.swift */; };
		B85A783721B1911A00FA04A9 /* UIImage+extensions.swift in Sources */ = {isa = PBXBuildFile; fileRef = B85A783621B1911A00FA04A9 /* UIImage+extensions.swift */; };
		B85A783921B1A3B000FA04A9 /* Camera.swift in Sources */ = {isa = PBXBuildFile; fileRef = B85A783821B1A3B000FA04A9 /* Camera.swift */; };
		B88ECC2E21B248E200555EF0 /* RecentsViewController.swift in Sources */ = {isa = PBXBuildFile; fileRef = B88ECC2D21B248E200555EF0 /* RecentsViewController.swift */; };
		B88ECC3121B2493600555EF0 /* RecentsViewCell.swift in Sources */ = {isa = PBXBuildFile; fileRef = B88ECC3021B2493600555EF0 /* RecentsViewCell.swift */; };
		B88ECC3321B3D58C00555EF0 /* ChooseUserViewController.swift in Sources */ = {isa = PBXBuildFile; fileRef = B88ECC3221B3D58C00555EF0 /* ChooseUserViewController.swift */; };
		B88ECC3521B3D5A400555EF0 /* FriendTableViewCell.swift in Sources */ = {isa = PBXBuildFile; fileRef = B88ECC3421B3D5A400555EF0 /* FriendTableViewCell.swift */; };
		B88ECC3721B3D87F00555EF0 /* BackendlessUtils.swift in Sources */ = {isa = PBXBuildFile; fileRef = B88ECC3621B3D87F00555EF0 /* BackendlessUtils.swift */; };
/* End PBXBuildFile section */

/* Begin PBXFileReference section */
		76356DD56867DF84E096CDAF /* Pods-QuickChat.release.xcconfig */ = {isa = PBXFileReference; includeInIndex = 1; lastKnownFileType = text.xcconfig; name = "Pods-QuickChat.release.xcconfig"; path = "Pods/Target Support Files/Pods-QuickChat/Pods-QuickChat.release.xcconfig"; sourceTree = "<group>"; };
		79F00DA83F25792776A340F1 /* libPods-QuickChat.a */ = {isa = PBXFileReference; explicitFileType = archive.ar; includeInIndex = 0; path = "libPods-QuickChat.a"; sourceTree = BUILT_PRODUCTS_DIR; };
		935270CA92F0B0E99A7DEA7C /* Pods-QuickChat.debug.xcconfig */ = {isa = PBXFileReference; includeInIndex = 1; lastKnownFileType = text.xcconfig; name = "Pods-QuickChat.debug.xcconfig"; path = "Pods/Target Support Files/Pods-QuickChat/Pods-QuickChat.debug.xcconfig"; sourceTree = "<group>"; };
		B8197D5421CE8D390001C0D9 /* File.swift */ = {isa = PBXFileReference; lastKnownFileType = sourcecode.swift; path = File.swift; sourceTree = "<group>"; };
		B8197D5621CF5FF70001C0D9 /* ChatViewController+Extensions.swift */ = {isa = PBXFileReference; lastKnownFileType = sourcecode.swift; path = "ChatViewController+Extensions.swift"; sourceTree = "<group>"; };
		B83E7C7721BD0F37005D7E99 /* OutgoingMessage.swift */ = {isa = PBXFileReference; lastKnownFileType = sourcecode.swift; path = OutgoingMessage.swift; sourceTree = "<group>"; };
		B83E7C7921BE2E5F005D7E99 /* IncomingMessage.swift */ = {isa = PBXFileReference; lastKnownFileType = sourcecode.swift; path = IncomingMessage.swift; sourceTree = "<group>"; };
		B84E766321A8072100704541 /* QuickChat.app */ = {isa = PBXFileReference; explicitFileType = wrapper.application; includeInIndex = 0; path = QuickChat.app; sourceTree = BUILT_PRODUCTS_DIR; };
		B84E766621A8072100704541 /* AppDelegate.swift */ = {isa = PBXFileReference; lastKnownFileType = sourcecode.swift; path = AppDelegate.swift; sourceTree = "<group>"; };
		B84E766B21A8072100704541 /* Base */ = {isa = PBXFileReference; lastKnownFileType = file.storyboard; name = Base; path = Base.lproj/Main.storyboard; sourceTree = "<group>"; };
		B84E766D21A8072400704541 /* Assets.xcassets */ = {isa = PBXFileReference; lastKnownFileType = folder.assetcatalog; path = Assets.xcassets; sourceTree = "<group>"; };
		B84E767021A8072400704541 /* Base */ = {isa = PBXFileReference; lastKnownFileType = file.storyboard; name = Base; path = Base.lproj/LaunchScreen.storyboard; sourceTree = "<group>"; };
		B84E767221A8072400704541 /* Info.plist */ = {isa = PBXFileReference; lastKnownFileType = text.plist.xml; path = Info.plist; sourceTree = "<group>"; };
		B84E767821A8077A00704541 /* GoogleService-Info.plist */ = {isa = PBXFileReference; fileEncoding = 4; lastKnownFileType = text.plist.xml; path = "GoogleService-Info.plist"; sourceTree = "<group>"; };
		B858B1AF21B674C300A1ABF2 /* Recent.swift */ = {isa = PBXFileReference; lastKnownFileType = sourcecode.swift; path = Recent.swift; sourceTree = "<group>"; };
		B858B1B121BCEA7800A1ABF2 /* ChatViewController.swift */ = {isa = PBXFileReference; lastKnownFileType = sourcecode.swift; path = ChatViewController.swift; sourceTree = "<group>"; };
		B85A782021AA792C00FA04A9 /* BridgingHeader.h */ = {isa = PBXFileReference; lastKnownFileType = sourcecode.c.h; path = BridgingHeader.h; sourceTree = "<group>"; };
		B85A782221AA7CE800FA04A9 /* RNCryptor.swift */ = {isa = PBXFileReference; fileEncoding = 4; lastKnownFileType = sourcecode.swift; path = RNCryptor.swift; sourceTree = "<group>"; };
		B85A782421AA7D2C00FA04A9 /* RNCryptor.h */ = {isa = PBXFileReference; fileEncoding = 4; lastKnownFileType = sourcecode.c.h; path = RNCryptor.h; sourceTree = "<group>"; };
		B85A782721AA94D900FA04A9 /* Constants.swift */ = {isa = PBXFileReference; lastKnownFileType = sourcecode.swift; path = Constants.swift; sourceTree = "<group>"; };
		B85A782921AA975100FA04A9 /* CoreLocation.framework */ = {isa = PBXFileReference; lastKnownFileType = wrapper.framework; name = CoreLocation.framework; path = System/Library/Frameworks/CoreLocation.framework; sourceTree = SDKROOT; };
		B85A782B21AA975A00FA04A9 /* SystemConfiguration.framework */ = {isa = PBXFileReference; lastKnownFileType = wrapper.framework; name = SystemConfiguration.framework; path = System/Library/Frameworks/SystemConfiguration.framework; sourceTree = SDKROOT; };
		B85A782D21AA976700FA04A9 /* PushKit.framework */ = {isa = PBXFileReference; lastKnownFileType = wrapper.framework; name = PushKit.framework; path = System/Library/Frameworks/PushKit.framework; sourceTree = SDKROOT; };
		B85A783021AAAFAE00FA04A9 /* WelcomeViewController.swift */ = {isa = PBXFileReference; lastKnownFileType = sourcecode.swift; path = WelcomeViewController.swift; sourceTree = "<group>"; };
		B85A783221AAD70000FA04A9 /* RegisterViewController.swift */ = {isa = PBXFileReference; lastKnownFileType = sourcecode.swift; path = RegisterViewController.swift; sourceTree = "<group>"; };
		B85A783421AADDB400FA04A9 /* NavigationSingleton.swift */ = {isa = PBXFileReference; lastKnownFileType = sourcecode.swift; path = NavigationSingleton.swift; sourceTree = "<group>"; };
		B85A783621B1911A00FA04A9 /* UIImage+extensions.swift */ = {isa = PBXFileReference; lastKnownFileType = sourcecode.swift; path = "UIImage+extensions.swift"; sourceTree = "<group>"; };
		B85A783821B1A3B000FA04A9 /* Camera.swift */ = {isa = PBXFileReference; lastKnownFileType = sourcecode.swift; path = Camera.swift; sourceTree = "<group>"; };
		B88ECC2D21B248E200555EF0 /* RecentsViewController.swift */ = {isa = PBXFileReference; lastKnownFileType = sourcecode.swift; path = RecentsViewController.swift; sourceTree = "<group>"; };
		B88ECC3021B2493600555EF0 /* RecentsViewCell.swift */ = {isa = PBXFileReference; lastKnownFileType = sourcecode.swift; path = RecentsViewCell.swift; sourceTree = "<group>"; };
		B88ECC3221B3D58C00555EF0 /* ChooseUserViewController.swift */ = {isa = PBXFileReference; lastKnownFileType = sourcecode.swift; path = ChooseUserViewController.swift; sourceTree = "<group>"; };
		B88ECC3421B3D5A400555EF0 /* FriendTableViewCell.swift */ = {isa = PBXFileReference; lastKnownFileType = sourcecode.swift; path = FriendTableViewCell.swift; sourceTree = "<group>"; };
		B88ECC3621B3D87F00555EF0 /* BackendlessUtils.swift */ = {isa = PBXFileReference; lastKnownFileType = sourcecode.swift; path = BackendlessUtils.swift; sourceTree = "<group>"; };
/* End PBXFileReference section */

/* Begin PBXFrameworksBuildPhase section */
		B84E766021A8072100704541 /* Frameworks */ = {
			isa = PBXFrameworksBuildPhase;
			buildActionMask = 2147483647;
			files = (
				B85A782E21AA976700FA04A9 /* PushKit.framework in Frameworks */,
				B85A782C21AA975A00FA04A9 /* SystemConfiguration.framework in Frameworks */,
				B85A782A21AA975100FA04A9 /* CoreLocation.framework in Frameworks */,
				21DCD009E90781945260FB6F /* libPods-QuickChat.a in Frameworks */,
			);
			runOnlyForDeploymentPostprocessing = 0;
		};
/* End PBXFrameworksBuildPhase section */

/* Begin PBXGroup section */
		0F3C22E5CA340B95D5709EE6 /* Frameworks */ = {
			isa = PBXGroup;
			children = (
				B85A782D21AA976700FA04A9 /* PushKit.framework */,
				B85A782B21AA975A00FA04A9 /* SystemConfiguration.framework */,
				B85A782921AA975100FA04A9 /* CoreLocation.framework */,
				79F00DA83F25792776A340F1 /* libPods-QuickChat.a */,
			);
			name = Frameworks;
			sourceTree = "<group>";
		};
		7731D170E8D69E9B077782DB /* Pods */ = {
			isa = PBXGroup;
			children = (
				935270CA92F0B0E99A7DEA7C /* Pods-QuickChat.debug.xcconfig */,
				76356DD56867DF84E096CDAF /* Pods-QuickChat.release.xcconfig */,
			);
			name = Pods;
			sourceTree = "<group>";
		};
		B8197D5821CF60000001C0D9 /* Extensions */ = {
			isa = PBXGroup;
			children = (
				B8197D5621CF5FF70001C0D9 /* ChatViewController+Extensions.swift */,
			);
			path = Extensions;
			sourceTree = "<group>";
		};
		B83E7C7421BCF099005D7E99 /* Model */ = {
			isa = PBXGroup;
			children = (
				B83E7C7721BD0F37005D7E99 /* OutgoingMessage.swift */,
				B83E7C7921BE2E5F005D7E99 /* IncomingMessage.swift */,
			);
			path = Model;
			sourceTree = "<group>";
		};
		B84E765A21A8072100704541 = {
			isa = PBXGroup;
			children = (
				B84E766521A8072100704541 /* QuickChat */,
				B84E766421A8072100704541 /* Products */,
				7731D170E8D69E9B077782DB /* Pods */,
				0F3C22E5CA340B95D5709EE6 /* Frameworks */,
			);
			sourceTree = "<group>";
		};
		B84E766421A8072100704541 /* Products */ = {
			isa = PBXGroup;
			children = (
				B84E766321A8072100704541 /* QuickChat.app */,
			);
			name = Products;
			sourceTree = "<group>";
		};
		B84E766521A8072100704541 /* QuickChat */ = {
			isa = PBXGroup;
			children = (
				B83E7C7421BCF099005D7E99 /* Model */,
				B88ECC2F21B2490800555EF0 /* Views */,
				B85A782F21AAAF9700FA04A9 /* Controllers */,
				B85A782621AA94C900FA04A9 /* Utils */,
				B84E767A21A807C200704541 /* Supporting Files */,
				B85A782121AA7A7E00FA04A9 /* Storyboards */,
			);
			path = QuickChat;
			sourceTree = "<group>";
		};
		B84E767A21A807C200704541 /* Supporting Files */ = {
			isa = PBXGroup;
			children = (
				B85A782421AA7D2C00FA04A9 /* RNCryptor.h */,
				B85A782221AA7CE800FA04A9 /* RNCryptor.swift */,
				B84E766621A8072100704541 /* AppDelegate.swift */,
				B84E766D21A8072400704541 /* Assets.xcassets */,
				B84E767221A8072400704541 /* Info.plist */,
				B84E767821A8077A00704541 /* GoogleService-Info.plist */,
				B85A782021AA792C00FA04A9 /* BridgingHeader.h */,
			);
			path = "Supporting Files";
			sourceTree = "<group>";
		};
		B85A782121AA7A7E00FA04A9 /* Storyboards */ = {
			isa = PBXGroup;
			children = (
				B84E766A21A8072100704541 /* Main.storyboard */,
				B84E766F21A8072400704541 /* LaunchScreen.storyboard */,
			);
			path = Storyboards;
			sourceTree = "<group>";
		};
		B85A782621AA94C900FA04A9 /* Utils */ = {
			isa = PBXGroup;
			children = (
				B85A783821B1A3B000FA04A9 /* Camera.swift */,
				B85A782721AA94D900FA04A9 /* Constants.swift */,
				B85A783421AADDB400FA04A9 /* NavigationSingleton.swift */,
				B85A783621B1911A00FA04A9 /* UIImage+extensions.swift */,
				B88ECC3621B3D87F00555EF0 /* BackendlessUtils.swift */,
				B858B1AF21B674C300A1ABF2 /* Recent.swift */,
			);
			path = Utils;
			sourceTree = "<group>";
		};
		B85A782F21AAAF9700FA04A9 /* Controllers */ = {
			isa = PBXGroup;
			children = (
				B85A783021AAAFAE00FA04A9 /* WelcomeViewController.swift */,
				B85A783221AAD70000FA04A9 /* RegisterViewController.swift */,
				B88ECC2D21B248E200555EF0 /* RecentsViewController.swift */,
				B88ECC3221B3D58C00555EF0 /* ChooseUserViewController.swift */,
				B858B1B121BCEA7800A1ABF2 /* ChatViewController.swift */,
				B8197D5821CF60000001C0D9 /* Extensions */,
			);
			path = Controllers;
			sourceTree = "<group>";
		};
		B88ECC2F21B2490800555EF0 /* Views */ = {
			isa = PBXGroup;
			children = (
				B88ECC3021B2493600555EF0 /* RecentsViewCell.swift */,
				B88ECC3421B3D5A400555EF0 /* FriendTableViewCell.swift */,
				B8197D5421CE8D390001C0D9 /* File.swift */,
			);
			path = Views;
			sourceTree = "<group>";
		};
/* End PBXGroup section */

/* Begin PBXNativeTarget section */
		B84E766221A8072100704541 /* QuickChat */ = {
			isa = PBXNativeTarget;
			buildConfigurationList = B84E767521A8072400704541 /* Build configuration list for PBXNativeTarget "QuickChat" */;
			buildPhases = (
				D01795D82B0624F89B888AFD /* [CP] Check Pods Manifest.lock */,
				B84E765F21A8072100704541 /* Sources */,
				B84E766021A8072100704541 /* Frameworks */,
				B84E766121A8072100704541 /* Resources */,
				B85A782521AA80D300FA04A9 /* ShellScript */,
				EC7A4CBFAC5F72C811AC69A0 /* [CP] Copy Pods Resources */,
			);
			buildRules = (
			);
			dependencies = (
			);
			name = QuickChat;
			productName = QuickChat;
			productReference = B84E766321A8072100704541 /* QuickChat.app */;
			productType = "com.apple.product-type.application";
		};
/* End PBXNativeTarget section */

/* Begin PBXProject section */
		B84E765B21A8072100704541 /* Project object */ = {
			isa = PBXProject;
			attributes = {
				LastSwiftUpdateCheck = 1010;
				LastUpgradeCheck = 1010;
				ORGANIZATIONNAME = "iulian david";
				TargetAttributes = {
					B84E766221A8072100704541 = {
						CreatedOnToolsVersion = 10.1;
					};
				};
			};
			buildConfigurationList = B84E765E21A8072100704541 /* Build configuration list for PBXProject "QuickChat" */;
			compatibilityVersion = "Xcode 9.3";
			developmentRegion = en;
			hasScannedForEncodings = 0;
			knownRegions = (
				en,
				Base,
			);
			mainGroup = B84E765A21A8072100704541;
			productRefGroup = B84E766421A8072100704541 /* Products */;
			projectDirPath = "";
			projectRoot = "";
			targets = (
				B84E766221A8072100704541 /* QuickChat */,
			);
		};
/* End PBXProject section */

/* Begin PBXResourcesBuildPhase section */
		B84E766121A8072100704541 /* Resources */ = {
			isa = PBXResourcesBuildPhase;
			buildActionMask = 2147483647;
			files = (
				B84E767121A8072400704541 /* LaunchScreen.storyboard in Resources */,
				B84E767921A8077A00704541 /* GoogleService-Info.plist in Resources */,
				B84E766E21A8072400704541 /* Assets.xcassets in Resources */,
				B84E766C21A8072100704541 /* Main.storyboard in Resources */,
			);
			runOnlyForDeploymentPostprocessing = 0;
		};
/* End PBXResourcesBuildPhase section */

/* Begin PBXShellScriptBuildPhase section */
		B85A782521AA80D300FA04A9 /* ShellScript */ = {
			isa = PBXShellScriptBuildPhase;
			buildActionMask = 2147483647;
			files = (
			);
			inputPaths = (
			);
			outputPaths = (
			);
			runOnlyForDeploymentPostprocessing = 0;
			shellPath = /bin/sh;
			shellScript = "if which swiftlint >/dev/null; then\nswiftlint\nelse\necho \"warning: SwiftLint not installed, download from https://github.com/realm/SwiftLint\"\nfi\n";
		};
		D01795D82B0624F89B888AFD /* [CP] Check Pods Manifest.lock */ = {
			isa = PBXShellScriptBuildPhase;
			buildActionMask = 2147483647;
			files = (
			);
			inputPaths = (
				"${PODS_PODFILE_DIR_PATH}/Podfile.lock",
				"${PODS_ROOT}/Manifest.lock",
			);
			name = "[CP] Check Pods Manifest.lock";
			outputPaths = (
				"$(DERIVED_FILE_DIR)/Pods-QuickChat-checkManifestLockResult.txt",
			);
			runOnlyForDeploymentPostprocessing = 0;
			shellPath = /bin/sh;
			shellScript = "diff \"${PODS_PODFILE_DIR_PATH}/Podfile.lock\" \"${PODS_ROOT}/Manifest.lock\" > /dev/null\nif [ $? != 0 ] ; then\n    # print error to STDERR\n    echo \"error: The sandbox is not in sync with the Podfile.lock. Run 'pod install' or update your CocoaPods installation.\" >&2\n    exit 1\nfi\n# This output is used by Xcode 'outputs' to avoid re-running this script phase.\necho \"SUCCESS\" > \"${SCRIPT_OUTPUT_FILE_0}\"\n";
			showEnvVarsInLog = 0;
		};
		EC7A4CBFAC5F72C811AC69A0 /* [CP] Copy Pods Resources */ = {
			isa = PBXShellScriptBuildPhase;
			buildActionMask = 2147483647;
			files = (
			);
			inputPaths = (
				"${SRCROOT}/Pods/Target Support Files/Pods-QuickChat/Pods-QuickChat-resources.sh",
				"${PODS_ROOT}/IDMPhotoBrowser/Classes/IDMPhotoBrowser.bundle",
				"${PODS_ROOT}/IDMPhotoBrowser/Classes/IDMPBLocalizations.bundle",
				"${PODS_ROOT}/IQAudioRecorderController/IQAudioRecorderController/Resources/IQAudioRecorderController.bundle",
				"${PODS_ROOT}/JSQMessagesViewController/JSQMessagesViewController/Assets/JSQMessagesAssets.bundle",
				"${PODS_ROOT}/JSQMessagesViewController/JSQMessagesViewController/Controllers/JSQMessagesViewController.xib",
				"${PODS_ROOT}/JSQMessagesViewController/JSQMessagesViewController/Views/JSQMessagesCollectionViewCellIncoming.xib",
				"${PODS_ROOT}/JSQMessagesViewController/JSQMessagesViewController/Views/JSQMessagesCollectionViewCellOutgoing.xib",
				"${PODS_ROOT}/JSQMessagesViewController/JSQMessagesViewController/Views/JSQMessagesLoadEarlierHeaderView.xib",
				"${PODS_ROOT}/JSQMessagesViewController/JSQMessagesViewController/Views/JSQMessagesToolbarContentView.xib",
				"${PODS_ROOT}/JSQMessagesViewController/JSQMessagesViewController/Views/JSQMessagesTypingIndicatorFooterView.xib",
				"${PODS_CONFIGURATION_BUILD_DIR}/MessageKit/MessageKitAssets.bundle",
				"${PODS_ROOT}/ProgressHUD/ProgressHUD/ProgressHUD/ProgressHUD.bundle",
			);
			name = "[CP] Copy Pods Resources";
			outputPaths = (
				"${TARGET_BUILD_DIR}/${UNLOCALIZED_RESOURCES_FOLDER_PATH}/IDMPhotoBrowser.bundle",
				"${TARGET_BUILD_DIR}/${UNLOCALIZED_RESOURCES_FOLDER_PATH}/IDMPBLocalizations.bundle",
				"${TARGET_BUILD_DIR}/${UNLOCALIZED_RESOURCES_FOLDER_PATH}/IQAudioRecorderController.bundle",
				"${TARGET_BUILD_DIR}/${UNLOCALIZED_RESOURCES_FOLDER_PATH}/JSQMessagesAssets.bundle",
				"${TARGET_BUILD_DIR}/${UNLOCALIZED_RESOURCES_FOLDER_PATH}/JSQMessagesViewController.nib",
				"${TARGET_BUILD_DIR}/${UNLOCALIZED_RESOURCES_FOLDER_PATH}/JSQMessagesCollectionViewCellIncoming.nib",
				"${TARGET_BUILD_DIR}/${UNLOCALIZED_RESOURCES_FOLDER_PATH}/JSQMessagesCollectionViewCellOutgoing.nib",
				"${TARGET_BUILD_DIR}/${UNLOCALIZED_RESOURCES_FOLDER_PATH}/JSQMessagesLoadEarlierHeaderView.nib",
				"${TARGET_BUILD_DIR}/${UNLOCALIZED_RESOURCES_FOLDER_PATH}/JSQMessagesToolbarContentView.nib",
				"${TARGET_BUILD_DIR}/${UNLOCALIZED_RESOURCES_FOLDER_PATH}/JSQMessagesTypingIndicatorFooterView.nib",
				"${TARGET_BUILD_DIR}/${UNLOCALIZED_RESOURCES_FOLDER_PATH}/MessageKitAssets.bundle",
				"${TARGET_BUILD_DIR}/${UNLOCALIZED_RESOURCES_FOLDER_PATH}/ProgressHUD.bundle",
			);
			runOnlyForDeploymentPostprocessing = 0;
			shellPath = /bin/sh;
			shellScript = "\"${SRCROOT}/Pods/Target Support Files/Pods-QuickChat/Pods-QuickChat-resources.sh\"\n";
			showEnvVarsInLog = 0;
		};
/* End PBXShellScriptBuildPhase section */

/* Begin PBXSourcesBuildPhase section */
		B84E765F21A8072100704541 /* Sources */ = {
			isa = PBXSourcesBuildPhase;
			buildActionMask = 2147483647;
			files = (
				B85A783921B1A3B000FA04A9 /* Camera.swift in Sources */,
				B84E766721A8072100704541 /* AppDelegate.swift in Sources */,
				B85A783721B1911A00FA04A9 /* UIImage+extensions.swift in Sources */,
				B83E7C7821BD0F37005D7E99 /* OutgoingMessage.swift in Sources */,
				B83E7C7A21BE2E5F005D7E99 /* IncomingMessage.swift in Sources */,
				B88ECC3521B3D5A400555EF0 /* FriendTableViewCell.swift in Sources */,
				B88ECC2E21B248E200555EF0 /* RecentsViewController.swift in Sources */,
				B8197D5521CE8D390001C0D9 /* File.swift in Sources */,
				B85A783321AAD70000FA04A9 /* RegisterViewController.swift in Sources */,
				B88ECC3321B3D58C00555EF0 /* ChooseUserViewController.swift in Sources */,
				B85A783121AAAFAE00FA04A9 /* WelcomeViewController.swift in Sources */,
				B85A783521AADDB400FA04A9 /* NavigationSingleton.swift in Sources */,
				B88ECC3121B2493600555EF0 /* RecentsViewCell.swift in Sources */,
				B858B1B021B674C300A1ABF2 /* Recent.swift in Sources */,
				B85A782321AA7CE800FA04A9 /* RNCryptor.swift in Sources */,
				B8197D5721CF5FF70001C0D9 /* ChatViewController+Extensions.swift in Sources */,
				B88ECC3721B3D87F00555EF0 /* BackendlessUtils.swift in Sources */,
				B858B1B221BCEA7800A1ABF2 /* ChatViewController.swift in Sources */,
				B85A782821AA94D900FA04A9 /* Constants.swift in Sources */,
			);
			runOnlyForDeploymentPostprocessing = 0;
		};
/* End PBXSourcesBuildPhase section */

/* Begin PBXVariantGroup section */
		B84E766A21A8072100704541 /* Main.storyboard */ = {
			isa = PBXVariantGroup;
			children = (
				B84E766B21A8072100704541 /* Base */,
			);
			name = Main.storyboard;
			sourceTree = "<group>";
		};
		B84E766F21A8072400704541 /* LaunchScreen.storyboard */ = {
			isa = PBXVariantGroup;
			children = (
				B84E767021A8072400704541 /* Base */,
			);
			name = LaunchScreen.storyboard;
			sourceTree = "<group>";
		};
/* End PBXVariantGroup section */

/* Begin XCBuildConfiguration section */
		B84E767321A8072400704541 /* Debug */ = {
			isa = XCBuildConfiguration;
			buildSettings = {
				ALWAYS_SEARCH_USER_PATHS = NO;
				CLANG_ANALYZER_NONNULL = YES;
				CLANG_ANALYZER_NUMBER_OBJECT_CONVERSION = YES_AGGRESSIVE;
				CLANG_CXX_LANGUAGE_STANDARD = "gnu++14";
				CLANG_CXX_LIBRARY = "libc++";
				CLANG_ENABLE_MODULES = YES;
				CLANG_ENABLE_OBJC_ARC = YES;
				CLANG_ENABLE_OBJC_WEAK = YES;
				CLANG_WARN_BLOCK_CAPTURE_AUTORELEASING = YES;
				CLANG_WARN_BOOL_CONVERSION = YES;
				CLANG_WARN_COMMA = YES;
				CLANG_WARN_CONSTANT_CONVERSION = YES;
				CLANG_WARN_DEPRECATED_OBJC_IMPLEMENTATIONS = YES;
				CLANG_WARN_DIRECT_OBJC_ISA_USAGE = YES_ERROR;
				CLANG_WARN_DOCUMENTATION_COMMENTS = YES;
				CLANG_WARN_EMPTY_BODY = YES;
				CLANG_WARN_ENUM_CONVERSION = YES;
				CLANG_WARN_INFINITE_RECURSION = YES;
				CLANG_WARN_INT_CONVERSION = YES;
				CLANG_WARN_NON_LITERAL_NULL_CONVERSION = YES;
				CLANG_WARN_OBJC_IMPLICIT_RETAIN_SELF = YES;
				CLANG_WARN_OBJC_LITERAL_CONVERSION = YES;
				CLANG_WARN_OBJC_ROOT_CLASS = YES_ERROR;
				CLANG_WARN_RANGE_LOOP_ANALYSIS = YES;
				CLANG_WARN_STRICT_PROTOTYPES = YES;
				CLANG_WARN_SUSPICIOUS_MOVE = YES;
				CLANG_WARN_UNGUARDED_AVAILABILITY = YES_AGGRESSIVE;
				CLANG_WARN_UNREACHABLE_CODE = YES;
				CLANG_WARN__DUPLICATE_METHOD_MATCH = YES;
				CODE_SIGN_IDENTITY = "iPhone Developer";
				COPY_PHASE_STRIP = NO;
				DEBUG_INFORMATION_FORMAT = dwarf;
				ENABLE_STRICT_OBJC_MSGSEND = YES;
				ENABLE_TESTABILITY = YES;
				GCC_C_LANGUAGE_STANDARD = gnu11;
				GCC_DYNAMIC_NO_PIC = NO;
				GCC_NO_COMMON_BLOCKS = YES;
				GCC_OPTIMIZATION_LEVEL = 0;
				GCC_PREPROCESSOR_DEFINITIONS = (
					"DEBUG=1",
					"$(inherited)",
				);
				GCC_WARN_64_TO_32_BIT_CONVERSION = YES;
				GCC_WARN_ABOUT_RETURN_TYPE = YES_ERROR;
				GCC_WARN_UNDECLARED_SELECTOR = YES;
				GCC_WARN_UNINITIALIZED_AUTOS = YES_AGGRESSIVE;
				GCC_WARN_UNUSED_FUNCTION = YES;
				GCC_WARN_UNUSED_VARIABLE = YES;
				IPHONEOS_DEPLOYMENT_TARGET = 12.1;
				MTL_ENABLE_DEBUG_INFO = INCLUDE_SOURCE;
				MTL_FAST_MATH = YES;
				ONLY_ACTIVE_ARCH = YES;
				SDKROOT = iphoneos;
				SWIFT_ACTIVE_COMPILATION_CONDITIONS = DEBUG;
				SWIFT_OPTIMIZATION_LEVEL = "-Onone";
			};
			name = Debug;
		};
		B84E767421A8072400704541 /* Release */ = {
			isa = XCBuildConfiguration;
			buildSettings = {
				ALWAYS_SEARCH_USER_PATHS = NO;
				CLANG_ANALYZER_NONNULL = YES;
				CLANG_ANALYZER_NUMBER_OBJECT_CONVERSION = YES_AGGRESSIVE;
				CLANG_CXX_LANGUAGE_STANDARD = "gnu++14";
				CLANG_CXX_LIBRARY = "libc++";
				CLANG_ENABLE_MODULES = YES;
				CLANG_ENABLE_OBJC_ARC = YES;
				CLANG_ENABLE_OBJC_WEAK = YES;
				CLANG_WARN_BLOCK_CAPTURE_AUTORELEASING = YES;
				CLANG_WARN_BOOL_CONVERSION = YES;
				CLANG_WARN_COMMA = YES;
				CLANG_WARN_CONSTANT_CONVERSION = YES;
				CLANG_WARN_DEPRECATED_OBJC_IMPLEMENTATIONS = YES;
				CLANG_WARN_DIRECT_OBJC_ISA_USAGE = YES_ERROR;
				CLANG_WARN_DOCUMENTATION_COMMENTS = YES;
				CLANG_WARN_EMPTY_BODY = YES;
				CLANG_WARN_ENUM_CONVERSION = YES;
				CLANG_WARN_INFINITE_RECURSION = YES;
				CLANG_WARN_INT_CONVERSION = YES;
				CLANG_WARN_NON_LITERAL_NULL_CONVERSION = YES;
				CLANG_WARN_OBJC_IMPLICIT_RETAIN_SELF = YES;
				CLANG_WARN_OBJC_LITERAL_CONVERSION = YES;
				CLANG_WARN_OBJC_ROOT_CLASS = YES_ERROR;
				CLANG_WARN_RANGE_LOOP_ANALYSIS = YES;
				CLANG_WARN_STRICT_PROTOTYPES = YES;
				CLANG_WARN_SUSPICIOUS_MOVE = YES;
				CLANG_WARN_UNGUARDED_AVAILABILITY = YES_AGGRESSIVE;
				CLANG_WARN_UNREACHABLE_CODE = YES;
				CLANG_WARN__DUPLICATE_METHOD_MATCH = YES;
				CODE_SIGN_IDENTITY = "iPhone Developer";
				COPY_PHASE_STRIP = NO;
				DEBUG_INFORMATION_FORMAT = "dwarf-with-dsym";
				ENABLE_NS_ASSERTIONS = NO;
				ENABLE_STRICT_OBJC_MSGSEND = YES;
				GCC_C_LANGUAGE_STANDARD = gnu11;
				GCC_NO_COMMON_BLOCKS = YES;
				GCC_WARN_64_TO_32_BIT_CONVERSION = YES;
				GCC_WARN_ABOUT_RETURN_TYPE = YES_ERROR;
				GCC_WARN_UNDECLARED_SELECTOR = YES;
				GCC_WARN_UNINITIALIZED_AUTOS = YES_AGGRESSIVE;
				GCC_WARN_UNUSED_FUNCTION = YES;
				GCC_WARN_UNUSED_VARIABLE = YES;
				IPHONEOS_DEPLOYMENT_TARGET = 12.1;
				MTL_ENABLE_DEBUG_INFO = NO;
				MTL_FAST_MATH = YES;
				SDKROOT = iphoneos;
				SWIFT_COMPILATION_MODE = wholemodule;
				SWIFT_OPTIMIZATION_LEVEL = "-O";
				VALIDATE_PRODUCT = YES;
			};
			name = Release;
		};
		B84E767621A8072400704541 /* Debug */ = {
			isa = XCBuildConfiguration;
			baseConfigurationReference = 935270CA92F0B0E99A7DEA7C /* Pods-QuickChat.debug.xcconfig */;
			buildSettings = {
				ASSETCATALOG_COMPILER_APPICON_NAME = icon;
				CODE_SIGN_STYLE = Automatic;
				DEVELOPMENT_TEAM = BQ9WNW24Z8;
				INFOPLIST_FILE = "$(SRCROOT)/QuickChat/Supporting Files/Info.plist";
				LD_RUNPATH_SEARCH_PATHS = (
					"$(inherited)",
					"@executable_path/Frameworks",
				);
				PRODUCT_BUNDLE_IDENTIFIER = com.id.training.QuickChat;
				PRODUCT_NAME = "$(TARGET_NAME)";
				SWIFT_OBJC_BRIDGING_HEADER = "QuickChat/Supporting Files/BridgingHeader.h";
				SWIFT_VERSION = 4.2;
				TARGETED_DEVICE_FAMILY = "1,2";
			};
			name = Debug;
		};
		B84E767721A8072400704541 /* Release */ = {
			isa = XCBuildConfiguration;
			baseConfigurationReference = 76356DD56867DF84E096CDAF /* Pods-QuickChat.release.xcconfig */;
			buildSettings = {
				ASSETCATALOG_COMPILER_APPICON_NAME = icon;
				CODE_SIGN_STYLE = Automatic;
				DEVELOPMENT_TEAM = BQ9WNW24Z8;
				INFOPLIST_FILE = "$(SRCROOT)/QuickChat/Supporting Files/Info.plist";
				LD_RUNPATH_SEARCH_PATHS = (
					"$(inherited)",
					"@executable_path/Frameworks",
				);
				PRODUCT_BUNDLE_IDENTIFIER = com.id.training.QuickChat;
				PRODUCT_NAME = "$(TARGET_NAME)";
				SWIFT_OBJC_BRIDGING_HEADER = "QuickChat/Supporting Files/BridgingHeader.h";
				SWIFT_VERSION = 4.2;
				TARGETED_DEVICE_FAMILY = "1,2";
			};
			name = Release;
		};
/* End XCBuildConfiguration section */

/* Begin XCConfigurationList section */
		B84E765E21A8072100704541 /* Build configuration list for PBXProject "QuickChat" */ = {
			isa = XCConfigurationList;
			buildConfigurations = (
				B84E767321A8072400704541 /* Debug */,
				B84E767421A8072400704541 /* Release */,
			);
			defaultConfigurationIsVisible = 0;
			defaultConfigurationName = Release;
		};
		B84E767521A8072400704541 /* Build configuration list for PBXNativeTarget "QuickChat" */ = {
			isa = XCConfigurationList;
			buildConfigurations = (
				B84E767621A8072400704541 /* Debug */,
				B84E767721A8072400704541 /* Release */,
			);
			defaultConfigurationIsVisible = 0;
			defaultConfigurationName = Release;
		};
/* End XCConfigurationList section */
	};
	rootObject = B84E765B21A8072100704541 /* Project object */;
}
